
Microsoft Visual Studio Solution File, Format Version 12.00
# Visual Studio Version 17
VisualStudioVersion = 17.0.31903.59
MinimumVisualStudioVersion = 10.0.40219.1
Project("{FAE04EC0-301F-11D3-BF4B-00C04F79EFBC}") = "Domain", "Domain\Domain.csproj", "{60BB6D65-1899-43B7-BD10-986239A3257E}"
EndProject
Project("{2150E333-8FDC-42A3-9474-1A3956D46DE8}") = "Infrastructure", "Infrastructure", "{CCAE2172-E62F-4440-ABAD-D1A1DC5A234D}"
EndProject
Project("{FAE04EC0-301F-11D3-BF4B-00C04F79EFBC}") = "Persistence", "Infrastructure\Persistence\Persistence.csproj", "{FCC65F72-7AF9-4940-B07A-E7DDDC7967B7}"
EndProject
Project("{FAE04EC0-301F-11D3-BF4B-00C04F79EFBC}") = "IoC", "Infrastructure\IoC\IoC.csproj", "{DC12A23D-7BF2-4F0A-A317-B9FA8818C9C2}"
EndProject
Project("{FAE04EC0-301F-11D3-BF4B-00C04F79EFBC}") = "WebAPI", "Infrastructure\WebAPI\WebAPI.csproj", "{163219BE-A0D2-41A1-A028-501AAB069BD9}"
EndProject
Project("{FAE04EC0-301F-11D3-BF4B-00C04F79EFBC}") = "Services", "Infrastructure\Services\Services.csproj", "{7555C53A-BADC-49D9-82BE-C4D8587260EB}"
EndProject
Project("{FAE04EC0-301F-11D3-BF4B-00C04F79EFBC}") = "Application", "Application\Application.csproj", "{10D17198-CD98-48BF-BEF3-A689B668F5E3}"
EndProject
Project("{FAE04EC0-301F-11D3-BF4B-00C04F79EFBC}") = "Application.Tests", "Application.Tests\Application.Tests.csproj", "{251887B5-8408-4723-A355-E9F187F66598}"
EndProject
Project("{FAE04EC0-301F-11D3-BF4B-00C04F79EFBC}") = "Domain.Tests", "Domain.Tests\Domain.Tests.csproj", "{F72A4B83-7227-4E65-A80D-1D7FB55848FA}"
EndProject
Project("{FAE04EC0-301F-11D3-BF4B-00C04F79EFBC}") = "WebFunctions", "Infrastructure\WebFunctions\WebFunctions.csproj", "{840822F0-735A-42D8-A4B9-2D771025D3F5}"
EndProject
Global
	GlobalSection(SolutionConfigurationPlatforms) = preSolution
		Debug|Any CPU = Debug|Any CPU
		Release|Any CPU = Release|Any CPU
	EndGlobalSection
	GlobalSection(ProjectConfigurationPlatforms) = postSolution
		{60BB6D65-1899-43B7-BD10-986239A3257E}.Debug|Any CPU.ActiveCfg = Debug|Any CPU
		{60BB6D65-1899-43B7-BD10-986239A3257E}.Debug|Any CPU.Build.0 = Debug|Any CPU
		{60BB6D65-1899-43B7-BD10-986239A3257E}.Release|Any CPU.ActiveCfg = Release|Any CPU
		{60BB6D65-1899-43B7-BD10-986239A3257E}.Release|Any CPU.Build.0 = Release|Any CPU
		{FCC65F72-7AF9-4940-B07A-E7DDDC7967B7}.Debug|Any CPU.ActiveCfg = Debug|Any CPU
		{FCC65F72-7AF9-4940-B07A-E7DDDC7967B7}.Debug|Any CPU.Build.0 = Debug|Any CPU
		{FCC65F72-7AF9-4940-B07A-E7DDDC7967B7}.Release|Any CPU.ActiveCfg = Release|Any CPU
		{FCC65F72-7AF9-4940-B07A-E7DDDC7967B7}.Release|Any CPU.Build.0 = Release|Any CPU
		{DC12A23D-7BF2-4F0A-A317-B9FA8818C9C2}.Debug|Any CPU.ActiveCfg = Debug|Any CPU
		{DC12A23D-7BF2-4F0A-A317-B9FA8818C9C2}.Debug|Any CPU.Build.0 = Debug|Any CPU
		{DC12A23D-7BF2-4F0A-A317-B9FA8818C9C2}.Release|Any CPU.ActiveCfg = Release|Any CPU
		{DC12A23D-7BF2-4F0A-A317-B9FA8818C9C2}.Release|Any CPU.Build.0 = Release|Any CPU
		{163219BE-A0D2-41A1-A028-501AAB069BD9}.Debug|Any CPU.ActiveCfg = Debug|Any CPU
		{163219BE-A0D2-41A1-A028-501AAB069BD9}.Debug|Any CPU.Build.0 = Debug|Any CPU
		{163219BE-A0D2-41A1-A028-501AAB069BD9}.Release|Any CPU.ActiveCfg = Release|Any CPU
		{163219BE-A0D2-41A1-A028-501AAB069BD9}.Release|Any CPU.Build.0 = Release|Any CPU
		{7555C53A-BADC-49D9-82BE-C4D8587260EB}.Debug|Any CPU.ActiveCfg = Debug|Any CPU
		{7555C53A-BADC-49D9-82BE-C4D8587260EB}.Debug|Any CPU.Build.0 = Debug|Any CPU
		{7555C53A-BADC-49D9-82BE-C4D8587260EB}.Release|Any CPU.ActiveCfg = Release|Any CPU
		{7555C53A-BADC-49D9-82BE-C4D8587260EB}.Release|Any CPU.Build.0 = Release|Any CPU
		{10D17198-CD98-48BF-BEF3-A689B668F5E3}.Debug|Any CPU.ActiveCfg = Debug|Any CPU
		{10D17198-CD98-48BF-BEF3-A689B668F5E3}.Debug|Any CPU.Build.0 = Debug|Any CPU
		{10D17198-CD98-48BF-BEF3-A689B668F5E3}.Release|Any CPU.ActiveCfg = Release|Any CPU
		{10D17198-CD98-48BF-BEF3-A689B668F5E3}.Release|Any CPU.Build.0 = Release|Any CPU
		{251887B5-8408-4723-A355-E9F187F66598}.Debug|Any CPU.ActiveCfg = Debug|Any CPU
		{251887B5-8408-4723-A355-E9F187F66598}.Debug|Any CPU.Build.0 = Debug|Any CPU
		{251887B5-8408-4723-A355-E9F187F66598}.Release|Any CPU.ActiveCfg = Release|Any CPU
		{251887B5-8408-4723-A355-E9F187F66598}.Release|Any CPU.Build.0 = Release|Any CPU
		{F72A4B83-7227-4E65-A80D-1D7FB55848FA}.Debug|Any CPU.ActiveCfg = Debug|Any CPU
		{F72A4B83-7227-4E65-A80D-1D7FB55848FA}.Debug|Any CPU.Build.0 = Debug|Any CPU
		{F72A4B83-7227-4E65-A80D-1D7FB55848FA}.Release|Any CPU.ActiveCfg = Release|Any CPU
		{F72A4B83-7227-4E65-A80D-1D7FB55848FA}.Release|Any CPU.Build.0 = Release|Any CPU
		{840822F0-735A-42D8-A4B9-2D771025D3F5}.Debug|Any CPU.ActiveCfg = Debug|Any CPU
		{840822F0-735A-42D8-A4B9-2D771025D3F5}.Debug|Any CPU.Build.0 = Debug|Any CPU
		{840822F0-735A-42D8-A4B9-2D771025D3F5}.Release|Any CPU.ActiveCfg = Release|Any CPU
		{840822F0-735A-42D8-A4B9-2D771025D3F5}.Release|Any CPU.Build.0 = Release|Any CPU
	EndGlobalSection
	GlobalSection(SolutionProperties) = preSolution
		HideSolutionNode = FALSE
	EndGlobalSection
	GlobalSection(NestedProjects) = preSolution
		{FCC65F72-7AF9-4940-B07A-E7DDDC7967B7} = {CCAE2172-E62F-4440-ABAD-D1A1DC5A234D}
		{DC12A23D-7BF2-4F0A-A317-B9FA8818C9C2} = {CCAE2172-E62F-4440-ABAD-D1A1DC5A234D}
		{163219BE-A0D2-41A1-A028-501AAB069BD9} = {CCAE2172-E62F-4440-ABAD-D1A1DC5A234D}
		{7555C53A-BADC-49D9-82BE-C4D8587260EB} = {CCAE2172-E62F-4440-ABAD-D1A1DC5A234D}
		{840822F0-735A-42D8-A4B9-2D771025D3F5} = {CCAE2172-E62F-4440-ABAD-D1A1DC5A234D}
	EndGlobalSection
EndGlobal
