
Microsoft Visual Studio Solution File, Format Version 12.00
# Visual Studio Version 17
VisualStudioVersion = 17.0.31903.59
MinimumVisualStudioVersion = 10.0.40219.1
Project("{FAE04EC0-301F-11D3-BF4B-00C04F79EFBC}") = "Domain", "Domain\Domain.csproj", "{60BB6D65-1899-43B7-BD10-986239A3257E}"
EndProject
Project("{FAE04EC0-301F-11D3-BF4B-00C04F79EFBC}") = "Adapters", "Adapters\Adapters.csproj", "{9C140CD0-7DDC-4859-BA21-68B64AF11284}"
EndProject
Project("{2150E333-8FDC-42A3-9474-1A3956D46DE8}") = "Infrastructure", "Infrastructure", "{CCAE2172-E62F-4440-ABAD-D1A1DC5A234D}"
EndProject
Project("{FAE04EC0-301F-11D3-BF4B-00C04F79EFBC}") = "Persistence", "Infrastructure\Persistence\Persistence.csproj", "{FCC65F72-7AF9-4940-B07A-E7DDDC7967B7}"
EndProject
Project("{FAE04EC0-301F-11D3-BF4B-00C04F79EFBC}") = "IoC", "Infrastructure\IoC\IoC.csproj", "{DC12A23D-7BF2-4F0A-A317-B9FA8818C9C2}"
EndProject
Project("{FAE04EC0-301F-11D3-BF4B-00C04F79EFBC}") = "WebAPI", "Infrastructure\WebAPI\WebAPI.csproj", "{163219BE-A0D2-41A1-A028-501AAB069BD9}"
EndProject
Project("{2150E333-8FDC-42A3-9474-1A3956D46DE8}") = "Domain.Tests", "Domain.Tests", "{370C1BE1-63EE-4D2E-AD4A-6D8392EEFF40}"
EndProject
Project("{E53339B2-1760-4266-BCC7-CA923CBCF16C}") = "docker-compose", "Docker\docker-compose.dcproj", "{58DF51E2-67F0-4740-B20B-8DE70C99FE2B}"
EndProject
Project("{FAE04EC0-301F-11D3-BF4B-00C04F79EFBC}") = "Services", "Infrastructure\Services\Services.csproj", "{7555C53A-BADC-49D9-82BE-C4D8587260EB}"
EndProject
Global
	GlobalSection(SolutionConfigurationPlatforms) = preSolution
		Debug|Any CPU = Debug|Any CPU
		Release|Any CPU = Release|Any CPU
	EndGlobalSection
	GlobalSection(SolutionProperties) = preSolution
		HideSolutionNode = FALSE
	EndGlobalSection
	GlobalSection(ProjectConfigurationPlatforms) = postSolution
		{862A9206-AC16-433A-ABF3-90A368B54F81}.Debug|Any CPU.ActiveCfg = Debug|Any CPU
		{862A9206-AC16-433A-ABF3-90A368B54F81}.Debug|Any CPU.Build.0 = Debug|Any CPU
		{862A9206-AC16-433A-ABF3-90A368B54F81}.Release|Any CPU.ActiveCfg = Release|Any CPU
		{862A9206-AC16-433A-ABF3-90A368B54F81}.Release|Any CPU.Build.0 = Release|Any CPU
		{70685C44-2526-483D-92AF-F388BF7A82FF}.Debug|Any CPU.ActiveCfg = Debug|Any CPU
		{70685C44-2526-483D-92AF-F388BF7A82FF}.Debug|Any CPU.Build.0 = Debug|Any CPU
		{70685C44-2526-483D-92AF-F388BF7A82FF}.Release|Any CPU.ActiveCfg = Release|Any CPU
		{70685C44-2526-483D-92AF-F388BF7A82FF}.Release|Any CPU.Build.0 = Release|Any CPU
		{3D46FA46-8426-483A-B1C2-2225359B99FC}.Debug|Any CPU.ActiveCfg = Debug|Any CPU
		{3D46FA46-8426-483A-B1C2-2225359B99FC}.Debug|Any CPU.Build.0 = Debug|Any CPU
		{3D46FA46-8426-483A-B1C2-2225359B99FC}.Release|Any CPU.ActiveCfg = Release|Any CPU
		{3D46FA46-8426-483A-B1C2-2225359B99FC}.Release|Any CPU.Build.0 = Release|Any CPU
		{2CEC4DEE-78D4-4130-AC1E-F732FF9F37DD}.Debug|Any CPU.ActiveCfg = Debug|Any CPU
		{2CEC4DEE-78D4-4130-AC1E-F732FF9F37DD}.Debug|Any CPU.Build.0 = Debug|Any CPU
		{2CEC4DEE-78D4-4130-AC1E-F732FF9F37DD}.Release|Any CPU.ActiveCfg = Release|Any CPU
		{2CEC4DEE-78D4-4130-AC1E-F732FF9F37DD}.Release|Any CPU.Build.0 = Release|Any CPU
		{2669F050-AFB0-4DB8-A81E-D0F4D8DDDD01}.Debug|Any CPU.ActiveCfg = Debug|Any CPU
		{2669F050-AFB0-4DB8-A81E-D0F4D8DDDD01}.Debug|Any CPU.Build.0 = Debug|Any CPU
		{2669F050-AFB0-4DB8-A81E-D0F4D8DDDD01}.Release|Any CPU.ActiveCfg = Release|Any CPU
		{2669F050-AFB0-4DB8-A81E-D0F4D8DDDD01}.Release|Any CPU.Build.0 = Release|Any CPU
		{04B6663E-228C-4278-B913-614958C9DBFB}.Debug|Any CPU.ActiveCfg = Debug|Any CPU
		{04B6663E-228C-4278-B913-614958C9DBFB}.Debug|Any CPU.Build.0 = Debug|Any CPU
		{04B6663E-228C-4278-B913-614958C9DBFB}.Release|Any CPU.ActiveCfg = Release|Any CPU
		{04B6663E-228C-4278-B913-614958C9DBFB}.Release|Any CPU.Build.0 = Release|Any CPU
		{656ABFBE-1791-4014-B59E-F9C83DBF8AC0}.Debug|Any CPU.ActiveCfg = Debug|Any CPU
		{656ABFBE-1791-4014-B59E-F9C83DBF8AC0}.Debug|Any CPU.Build.0 = Debug|Any CPU
		{656ABFBE-1791-4014-B59E-F9C83DBF8AC0}.Release|Any CPU.ActiveCfg = Release|Any CPU
		{656ABFBE-1791-4014-B59E-F9C83DBF8AC0}.Release|Any CPU.Build.0 = Release|Any CPU
		{84B8DFE3-440C-4E7F-B35E-5A668D03D549}.Debug|Any CPU.ActiveCfg = Debug|Any CPU
		{84B8DFE3-440C-4E7F-B35E-5A668D03D549}.Debug|Any CPU.Build.0 = Debug|Any CPU
		{84B8DFE3-440C-4E7F-B35E-5A668D03D549}.Release|Any CPU.ActiveCfg = Release|Any CPU
		{84B8DFE3-440C-4E7F-B35E-5A668D03D549}.Release|Any CPU.Build.0 = Release|Any CPU
		{60BB6D65-1899-43B7-BD10-986239A3257E}.Debug|Any CPU.ActiveCfg = Debug|Any CPU
		{60BB6D65-1899-43B7-BD10-986239A3257E}.Debug|Any CPU.Build.0 = Debug|Any CPU
		{60BB6D65-1899-43B7-BD10-986239A3257E}.Release|Any CPU.ActiveCfg = Release|Any CPU
		{60BB6D65-1899-43B7-BD10-986239A3257E}.Release|Any CPU.Build.0 = Release|Any CPU
		{9C140CD0-7DDC-4859-BA21-68B64AF11284}.Debug|Any CPU.ActiveCfg = Debug|Any CPU
		{9C140CD0-7DDC-4859-BA21-68B64AF11284}.Debug|Any CPU.Build.0 = Debug|Any CPU
		{9C140CD0-7DDC-4859-BA21-68B64AF11284}.Release|Any CPU.ActiveCfg = Release|Any CPU
		{9C140CD0-7DDC-4859-BA21-68B64AF11284}.Release|Any CPU.Build.0 = Release|Any CPU
		{FCC65F72-7AF9-4940-B07A-E7DDDC7967B7}.Debug|Any CPU.ActiveCfg = Debug|Any CPU
		{FCC65F72-7AF9-4940-B07A-E7DDDC7967B7}.Debug|Any CPU.Build.0 = Debug|Any CPU
		{FCC65F72-7AF9-4940-B07A-E7DDDC7967B7}.Release|Any CPU.ActiveCfg = Release|Any CPU
		{FCC65F72-7AF9-4940-B07A-E7DDDC7967B7}.Release|Any CPU.Build.0 = Release|Any CPU
		{DC12A23D-7BF2-4F0A-A317-B9FA8818C9C2}.Debug|Any CPU.ActiveCfg = Debug|Any CPU
		{DC12A23D-7BF2-4F0A-A317-B9FA8818C9C2}.Debug|Any CPU.Build.0 = Debug|Any CPU
		{DC12A23D-7BF2-4F0A-A317-B9FA8818C9C2}.Release|Any CPU.ActiveCfg = Release|Any CPU
		{DC12A23D-7BF2-4F0A-A317-B9FA8818C9C2}.Release|Any CPU.Build.0 = Release|Any CPU
		{163219BE-A0D2-41A1-A028-501AAB069BD9}.Debug|Any CPU.ActiveCfg = Debug|Any CPU
		{163219BE-A0D2-41A1-A028-501AAB069BD9}.Debug|Any CPU.Build.0 = Debug|Any CPU
		{163219BE-A0D2-41A1-A028-501AAB069BD9}.Release|Any CPU.ActiveCfg = Release|Any CPU
		{163219BE-A0D2-41A1-A028-501AAB069BD9}.Release|Any CPU.Build.0 = Release|Any CPU
		{60C2C8B4-6EF9-40E6-A193-972EBD7EE1F6}.Debug|Any CPU.ActiveCfg = Debug|Any CPU
		{60C2C8B4-6EF9-40E6-A193-972EBD7EE1F6}.Debug|Any CPU.Build.0 = Debug|Any CPU
		{60C2C8B4-6EF9-40E6-A193-972EBD7EE1F6}.Release|Any CPU.ActiveCfg = Release|Any CPU
		{60C2C8B4-6EF9-40E6-A193-972EBD7EE1F6}.Release|Any CPU.Build.0 = Release|Any CPU
		{58DF51E2-67F0-4740-B20B-8DE70C99FE2B}.Debug|Any CPU.ActiveCfg = Debug|Any CPU
		{58DF51E2-67F0-4740-B20B-8DE70C99FE2B}.Debug|Any CPU.Build.0 = Debug|Any CPU
		{58DF51E2-67F0-4740-B20B-8DE70C99FE2B}.Release|Any CPU.ActiveCfg = Release|Any CPU
		{58DF51E2-67F0-4740-B20B-8DE70C99FE2B}.Release|Any CPU.Build.0 = Release|Any CPU
		{7555C53A-BADC-49D9-82BE-C4D8587260EB}.Debug|Any CPU.ActiveCfg = Debug|Any CPU
		{7555C53A-BADC-49D9-82BE-C4D8587260EB}.Debug|Any CPU.Build.0 = Debug|Any CPU
		{7555C53A-BADC-49D9-82BE-C4D8587260EB}.Release|Any CPU.ActiveCfg = Release|Any CPU
		{7555C53A-BADC-49D9-82BE-C4D8587260EB}.Release|Any CPU.Build.0 = Release|Any CPU
	EndGlobalSection
	GlobalSection(NestedProjects) = preSolution
		{FCC65F72-7AF9-4940-B07A-E7DDDC7967B7} = {CCAE2172-E62F-4440-ABAD-D1A1DC5A234D}
		{DC12A23D-7BF2-4F0A-A317-B9FA8818C9C2} = {CCAE2172-E62F-4440-ABAD-D1A1DC5A234D}
		{163219BE-A0D2-41A1-A028-501AAB069BD9} = {CCAE2172-E62F-4440-ABAD-D1A1DC5A234D}
		{7555C53A-BADC-49D9-82BE-C4D8587260EB} = {CCAE2172-E62F-4440-ABAD-D1A1DC5A234D}
	EndGlobalSection
EndGlobal
