
Microsoft Visual Studio Solution File, Format Version 12.00
# Visual Studio Version 17
VisualStudioVersion = 17.0.31903.59
MinimumVisualStudioVersion = 10.0.40219.1
Project("{FAE04EC0-301F-11D3-BF4B-00C04F79EFBC}") = "Domain", "Domain\Domain.csproj", "{A5928034-02D5-427D-B83C-10F8F249CA1C}"
EndProject
Project("{FAE04EC0-301F-11D3-BF4B-00C04F79EFBC}") = "Application", "Application\Application.csproj", "{C7DC5551-8325-461D-9710-05EEC9EF8791}"
EndProject
Project("{2150E333-8FDC-42A3-9474-1A3956D46DE8}") = "Infrastructure", "Infrastructure", "{6CC50902-ECC4-4A3A-A03D-115DD1378038}"
EndProject
Project("{FAE04EC0-301F-11D3-BF4B-00C04F79EFBC}") = "Persistence", "Infrastructure\Persistence\Persistence.csproj", "{03F5DBCF-08FA-46A4-ACBB-F933C3C1B520}"
EndProject
Project("{FAE04EC0-301F-11D3-BF4B-00C04F79EFBC}") = "Services", "Infrastructure\Services\Services.csproj", "{3236030B-AD8F-4FAB-AAF6-3808D7B3F8E8}"
EndProject
Project("{FAE04EC0-301F-11D3-BF4B-00C04F79EFBC}") = "IoC", "Infrastructure\IoC\IoC.csproj", "{92667C72-14F6-44A5-9152-8B512ED249DA}"
EndProject
Project("{FAE04EC0-301F-11D3-BF4B-00C04F79EFBC}") = "WebAPI", "Infrastructure\WebAPI\WebAPI.csproj", "{BE5B727D-878C-4E0E-AD3B-60B32781DFFF}"
EndProject
Project("{FAE04EC0-301F-11D3-BF4B-00C04F79EFBC}") = "WebFunctions", "Infrastructure\WebFunctions\WebFunctions.csproj", "{A994F6CD-1C40-4C27-8BDF-85AFF7543A03}"
EndProject
Project("{FAE04EC0-301F-11D3-BF4B-00C04F79EFBC}") = "Domain.Tests", "Domain.Tests\Domain.Tests.csproj", "{4E50EC16-4163-4B66-BA9A-33BB45E99035}"
EndProject
Project("{FAE04EC0-301F-11D3-BF4B-00C04F79EFBC}") = "Application.Tests", "Application.Tests\Application.Tests.csproj", "{682499DF-F2AE-429A-B48D-CBE55C09F223}"
EndProject
Global
	GlobalSection(SolutionConfigurationPlatforms) = preSolution
		Debug|Any CPU = Debug|Any CPU
		Release|Any CPU = Release|Any CPU
	EndGlobalSection
	GlobalSection(SolutionProperties) = preSolution
		HideSolutionNode = FALSE
	EndGlobalSection
	GlobalSection(ProjectConfigurationPlatforms) = postSolution
		{A5928034-02D5-427D-B83C-10F8F249CA1C}.Debug|Any CPU.ActiveCfg = Debug|Any CPU
		{A5928034-02D5-427D-B83C-10F8F249CA1C}.Debug|Any CPU.Build.0 = Debug|Any CPU
		{A5928034-02D5-427D-B83C-10F8F249CA1C}.Release|Any CPU.ActiveCfg = Release|Any CPU
		{A5928034-02D5-427D-B83C-10F8F249CA1C}.Release|Any CPU.Build.0 = Release|Any CPU
		{C7DC5551-8325-461D-9710-05EEC9EF8791}.Debug|Any CPU.ActiveCfg = Debug|Any CPU
		{C7DC5551-8325-461D-9710-05EEC9EF8791}.Debug|Any CPU.Build.0 = Debug|Any CPU
		{C7DC5551-8325-461D-9710-05EEC9EF8791}.Release|Any CPU.ActiveCfg = Release|Any CPU
		{C7DC5551-8325-461D-9710-05EEC9EF8791}.Release|Any CPU.Build.0 = Release|Any CPU
		{03F5DBCF-08FA-46A4-ACBB-F933C3C1B520}.Debug|Any CPU.ActiveCfg = Debug|Any CPU
		{03F5DBCF-08FA-46A4-ACBB-F933C3C1B520}.Debug|Any CPU.Build.0 = Debug|Any CPU
		{03F5DBCF-08FA-46A4-ACBB-F933C3C1B520}.Release|Any CPU.ActiveCfg = Release|Any CPU
		{03F5DBCF-08FA-46A4-ACBB-F933C3C1B520}.Release|Any CPU.Build.0 = Release|Any CPU
		{3236030B-AD8F-4FAB-AAF6-3808D7B3F8E8}.Debug|Any CPU.ActiveCfg = Debug|Any CPU
		{3236030B-AD8F-4FAB-AAF6-3808D7B3F8E8}.Debug|Any CPU.Build.0 = Debug|Any CPU
		{3236030B-AD8F-4FAB-AAF6-3808D7B3F8E8}.Release|Any CPU.ActiveCfg = Release|Any CPU
		{3236030B-AD8F-4FAB-AAF6-3808D7B3F8E8}.Release|Any CPU.Build.0 = Release|Any CPU
		{92667C72-14F6-44A5-9152-8B512ED249DA}.Debug|Any CPU.ActiveCfg = Debug|Any CPU
		{92667C72-14F6-44A5-9152-8B512ED249DA}.Debug|Any CPU.Build.0 = Debug|Any CPU
		{92667C72-14F6-44A5-9152-8B512ED249DA}.Release|Any CPU.ActiveCfg = Release|Any CPU
		{92667C72-14F6-44A5-9152-8B512ED249DA}.Release|Any CPU.Build.0 = Release|Any CPU
		{BE5B727D-878C-4E0E-AD3B-60B32781DFFF}.Debug|Any CPU.ActiveCfg = Debug|Any CPU
		{BE5B727D-878C-4E0E-AD3B-60B32781DFFF}.Debug|Any CPU.Build.0 = Debug|Any CPU
		{BE5B727D-878C-4E0E-AD3B-60B32781DFFF}.Release|Any CPU.ActiveCfg = Release|Any CPU
		{BE5B727D-878C-4E0E-AD3B-60B32781DFFF}.Release|Any CPU.Build.0 = Release|Any CPU
		{A994F6CD-1C40-4C27-8BDF-85AFF7543A03}.Debug|Any CPU.ActiveCfg = Debug|Any CPU
		{A994F6CD-1C40-4C27-8BDF-85AFF7543A03}.Debug|Any CPU.Build.0 = Debug|Any CPU
		{A994F6CD-1C40-4C27-8BDF-85AFF7543A03}.Release|Any CPU.ActiveCfg = Release|Any CPU
		{A994F6CD-1C40-4C27-8BDF-85AFF7543A03}.Release|Any CPU.Build.0 = Release|Any CPU
		{4E50EC16-4163-4B66-BA9A-33BB45E99035}.Debug|Any CPU.ActiveCfg = Debug|Any CPU
		{4E50EC16-4163-4B66-BA9A-33BB45E99035}.Debug|Any CPU.Build.0 = Debug|Any CPU
		{4E50EC16-4163-4B66-BA9A-33BB45E99035}.Release|Any CPU.ActiveCfg = Release|Any CPU
		{4E50EC16-4163-4B66-BA9A-33BB45E99035}.Release|Any CPU.Build.0 = Release|Any CPU
		{682499DF-F2AE-429A-B48D-CBE55C09F223}.Debug|Any CPU.ActiveCfg = Debug|Any CPU
		{682499DF-F2AE-429A-B48D-CBE55C09F223}.Debug|Any CPU.Build.0 = Debug|Any CPU
		{682499DF-F2AE-429A-B48D-CBE55C09F223}.Release|Any CPU.ActiveCfg = Release|Any CPU
		{682499DF-F2AE-429A-B48D-CBE55C09F223}.Release|Any CPU.Build.0 = Release|Any CPU
	EndGlobalSection
	GlobalSection(NestedProjects) = preSolution
		{03F5DBCF-08FA-46A4-ACBB-F933C3C1B520} = {6CC50902-ECC4-4A3A-A03D-115DD1378038}
		{3236030B-AD8F-4FAB-AAF6-3808D7B3F8E8} = {6CC50902-ECC4-4A3A-A03D-115DD1378038}
		{92667C72-14F6-44A5-9152-8B512ED249DA} = {6CC50902-ECC4-4A3A-A03D-115DD1378038}
		{BE5B727D-878C-4E0E-AD3B-60B32781DFFF} = {6CC50902-ECC4-4A3A-A03D-115DD1378038}
		{A994F6CD-1C40-4C27-8BDF-85AFF7543A03} = {6CC50902-ECC4-4A3A-A03D-115DD1378038}
	EndGlobalSection
EndGlobal
